
Microsoft Visual Studio Solution File, Format Version 12.00
# Visual Studio Version 16
VisualStudioVersion = 16.0.31205.134
MinimumVisualStudioVersion = 10.0.40219.1
Project("{FAE04EC0-301F-11D3-BF4B-00C04F79EFBC}") = "Lsi_Hotel_Management", "Lsi_Hotel_Management\Lsi_Hotel_Management.csproj", "{05653F55-DB76-477E-B26E-C50C8D844333}"
EndProject
Global
	GlobalSection(SolutionConfigurationPlatforms) = preSolution
		Debug|Any CPU = Debug|Any CPU
		Release|Any CPU = Release|Any CPU
	EndGlobalSection
	GlobalSection(ProjectConfigurationPlatforms) = postSolution
		{05653F55-DB76-477E-B26E-C50C8D844333}.Debug|Any CPU.ActiveCfg = Debug|Any CPU
		{05653F55-DB76-477E-B26E-C50C8D844333}.Debug|Any CPU.Build.0 = Debug|Any CPU
		{05653F55-DB76-477E-B26E-C50C8D844333}.Release|Any CPU.ActiveCfg = Release|Any CPU
		{05653F55-DB76-477E-B26E-C50C8D844333}.Release|Any CPU.Build.0 = Release|Any CPU
	EndGlobalSection
	GlobalSection(SolutionProperties) = preSolution
		HideSolutionNode = FALSE
	EndGlobalSection
	GlobalSection(ExtensibilityGlobals) = postSolution
		SolutionGuid = {096D896A-604A-4DCA-9F48-0125AEFDBB76}
	EndGlobalSection
EndGlobal
